
Microsoft Visual Studio Solution File, Format Version 12.00
# Visual Studio Version 17
VisualStudioVersion = 17.11.35327.3
MinimumVisualStudioVersion = 10.0.40219.1
Project("{FAE04EC0-301F-11D3-BF4B-00C04F79EFBC}") = "MauiApp2", "MauiApp2\MauiApp2.csproj", "{EAD3014B-6101-4E31-AF5A-29E1A6401492}"
EndProject
Global
	GlobalSection(SolutionConfigurationPlatforms) = preSolution
		Debug|Any CPU = Debug|Any CPU
		Release|Any CPU = Release|Any CPU
	EndGlobalSection
	GlobalSection(ProjectConfigurationPlatforms) = postSolution
		{EAD3014B-6101-4E31-AF5A-29E1A6401492}.Debug|Any CPU.ActiveCfg = Debug|Any CPU
		{EAD3014B-6101-4E31-AF5A-29E1A6401492}.Debug|Any CPU.Build.0 = Debug|Any CPU
		{EAD3014B-6101-4E31-AF5A-29E1A6401492}.Debug|Any CPU.Deploy.0 = Debug|Any CPU
		{EAD3014B-6101-4E31-AF5A-29E1A6401492}.Release|Any CPU.ActiveCfg = Release|Any CPU
		{EAD3014B-6101-4E31-AF5A-29E1A6401492}.Release|Any CPU.Build.0 = Release|Any CPU
		{EAD3014B-6101-4E31-AF5A-29E1A6401492}.Release|Any CPU.Deploy.0 = Release|Any CPU
	EndGlobalSection
	GlobalSection(SolutionProperties) = preSolution
		HideSolutionNode = FALSE
	EndGlobalSection
	GlobalSection(ExtensibilityGlobals) = postSolution
		SolutionGuid = {0CDEE849-F29F-47EA-A206-A3D242D2FD33}
	EndGlobalSection
EndGlobal
